// !$*UTF8*$!
{
	archiveVersion = 1;
	classes = {
	};
	objectVersion = 56;
	objects = {

/* Begin PBXBuildFile section */
		ECCBA3BA29B5C75B000E247C /* AppDelegate.swift in Sources */ = {isa = PBXBuildFile; fileRef = ECCBA3B929B5C75B000E247C /* AppDelegate.swift */; };
		ECCBA3BC29B5C75B000E247C /* SceneDelegate.swift in Sources */ = {isa = PBXBuildFile; fileRef = ECCBA3BB29B5C75B000E247C /* SceneDelegate.swift */; };
		ECCBA3BE29B5C75B000E247C /* ViewController.swift in Sources */ = {isa = PBXBuildFile; fileRef = ECCBA3BD29B5C75B000E247C /* ViewController.swift */; };
		ECCBA3C129B5C75B000E247C /* Main.storyboard in Resources */ = {isa = PBXBuildFile; fileRef = ECCBA3BF29B5C75B000E247C /* Main.storyboard */; };
		ECCBA3C329B5C75C000E247C /* Assets.xcassets in Resources */ = {isa = PBXBuildFile; fileRef = ECCBA3C229B5C75C000E247C /* Assets.xcassets */; };
		ECCBA3C629B5C75C000E247C /* LaunchScreen.storyboard in Resources */ = {isa = PBXBuildFile; fileRef = ECCBA3C429B5C75C000E247C /* LaunchScreen.storyboard */; };
/* End PBXBuildFile section */

/* Begin PBXFileReference section */
		ECCBA3B629B5C75B000E247C /* UIKit+RxSwift+MVVM.app */ = {isa = PBXFileReference; explicitFileType = wrapper.application; includeInIndex = 0; path = "UIKit+RxSwift+MVVM.app"; sourceTree = BUILT_PRODUCTS_DIR; };
		ECCBA3B929B5C75B000E247C /* AppDelegate.swift */ = {isa = PBXFileReference; lastKnownFileType = sourcecode.swift; path = AppDelegate.swift; sourceTree = "<group>"; };
		ECCBA3BB29B5C75B000E247C /* SceneDelegate.swift */ = {isa = PBXFileReference; lastKnownFileType = sourcecode.swift; path = SceneDelegate.swift; sourceTree = "<group>"; };
		ECCBA3BD29B5C75B000E247C /* ViewController.swift */ = {isa = PBXFileReference; lastKnownFileType = sourcecode.swift; path = ViewController.swift; sourceTree = "<group>"; };
		ECCBA3C029B5C75B000E247C /* Base */ = {isa = PBXFileReference; lastKnownFileType = file.storyboard; name = Base; path = Base.lproj/Main.storyboard; sourceTree = "<group>"; };
		ECCBA3C229B5C75C000E247C /* Assets.xcassets */ = {isa = PBXFileReference; lastKnownFileType = folder.assetcatalog; path = Assets.xcassets; sourceTree = "<group>"; };
		ECCBA3C529B5C75C000E247C /* Base */ = {isa = PBXFileReference; lastKnownFileType = file.storyboard; name = Base; path = Base.lproj/LaunchScreen.storyboard; sourceTree = "<group>"; };
		ECCBA3C729B5C75C000E247C /* Info.plist */ = {isa = PBXFileReference; lastKnownFileType = text.plist.xml; path = Info.plist; sourceTree = "<group>"; };
/* End PBXFileReference section */

/* Begin PBXFrameworksBuildPhase section */
		ECCBA3B329B5C75B000E247C /* Frameworks */ = {
			isa = PBXFrameworksBuildPhase;
			buildActionMask = 2147483647;
			files = (
			);
			runOnlyForDeploymentPostprocessing = 0;
		};
/* End PBXFrameworksBuildPhase section */

/* Begin PBXGroup section */
		ECCBA3AD29B5C75B000E247C = {
			isa = PBXGroup;
			children = (
				ECCBA3B829B5C75B000E247C /* UIKit+RxSwift+MVVM */,
				ECCBA3B729B5C75B000E247C /* Products */,
			);
			sourceTree = "<group>";
		};
		ECCBA3B729B5C75B000E247C /* Products */ = {
			isa = PBXGroup;
			children = (
				ECCBA3B629B5C75B000E247C /* UIKit+RxSwift+MVVM.app */,
			);
			name = Products;
			sourceTree = "<group>";
		};
		ECCBA3B829B5C75B000E247C /* UIKit+RxSwift+MVVM */ = {
			isa = PBXGroup;
			children = (
				ECCBA3B929B5C75B000E247C /* AppDelegate.swift */,
				ECCBA3BB29B5C75B000E247C /* SceneDelegate.swift */,
				ECCBA3BD29B5C75B000E247C /* ViewController.swift */,
				ECCBA3BF29B5C75B000E247C /* Main.storyboard */,
				ECCBA3C229B5C75C000E247C /* Assets.xcassets */,
				ECCBA3C429B5C75C000E247C /* LaunchScreen.storyboard */,
				ECCBA3C729B5C75C000E247C /* Info.plist */,
			);
			path = "UIKit+RxSwift+MVVM";
			sourceTree = "<group>";
		};
/* End PBXGroup section */

/* Begin PBXNativeTarget section */
		ECCBA3B529B5C75B000E247C /* UIKit+RxSwift+MVVM */ = {
			isa = PBXNativeTarget;
			buildConfigurationList = ECCBA3CA29B5C75C000E247C /* Build configuration list for PBXNativeTarget "UIKit+RxSwift+MVVM" */;
			buildPhases = (
				ECCBA3B229B5C75B000E247C /* Sources */,
				ECCBA3B329B5C75B000E247C /* Frameworks */,
				ECCBA3B429B5C75B000E247C /* Resources */,
			);
			buildRules = (
			);
			dependencies = (
			);
			name = "UIKit+RxSwift+MVVM";
			productName = "UIKit+RxSwift+MVVM";
			productReference = ECCBA3B629B5C75B000E247C /* UIKit+RxSwift+MVVM.app */;
			productType = "com.apple.product-type.application";
		};
/* End PBXNativeTarget section */

/* Begin PBXProject section */
		ECCBA3AE29B5C75B000E247C /* Project object */ = {
			isa = PBXProject;
			attributes = {
				BuildIndependentTargetsInParallel = 1;
				LastSwiftUpdateCheck = 1400;
				LastUpgradeCheck = 1400;
				TargetAttributes = {
					ECCBA3B529B5C75B000E247C = {
						CreatedOnToolsVersion = 14.0.1;
					};
				};
			};
			buildConfigurationList = ECCBA3B129B5C75B000E247C /* Build configuration list for PBXProject "UIKit+RxSwift+MVVM" */;
			compatibilityVersion = "Xcode 14.0";
			developmentRegion = en;
			hasScannedForEncodings = 0;
			knownRegions = (
				en,
				Base,
			);
			mainGroup = ECCBA3AD29B5C75B000E247C;
			productRefGroup = ECCBA3B729B5C75B000E247C /* Products */;
			projectDirPath = "";
			projectRoot = "";
			targets = (
				ECCBA3B529B5C75B000E247C /* UIKit+RxSwift+MVVM */,
			);
		};
/* End PBXProject section */

/* Begin PBXResourcesBuildPhase section */
		ECCBA3B429B5C75B000E247C /* Resources */ = {
			isa = PBXResourcesBuildPhase;
			buildActionMask = 2147483647;
			files = (
				ECCBA3C629B5C75C000E247C /* LaunchScreen.storyboard in Resources */,
				ECCBA3C329B5C75C000E247C /* Assets.xcassets in Resources */,
				ECCBA3C129B5C75B000E247C /* Main.storyboard in Resources */,
			);
			runOnlyForDeploymentPostprocessing = 0;
		};
/* End PBXResourcesBuildPhase section */

/* Begin PBXSourcesBuildPhase section */
		ECCBA3B229B5C75B000E247C /* Sources */ = {
			isa = PBXSourcesBuildPhase;
			buildActionMask = 2147483647;
			files = (
				ECCBA3BE29B5C75B000E247C /* ViewController.swift in Sources */,
				ECCBA3BA29B5C75B000E247C /* AppDelegate.swift in Sources */,
				ECCBA3BC29B5C75B000E247C /* SceneDelegate.swift in Sources */,
			);
			runOnlyForDeploymentPostprocessing = 0;
		};
/* End PBXSourcesBuildPhase section */

/* Begin PBXVariantGroup section */
		ECCBA3BF29B5C75B000E247C /* Main.storyboard */ = {
			isa = PBXVariantGroup;
			children = (
				ECCBA3C029B5C75B000E247C /* Base */,
			);
			name = Main.storyboard;
			sourceTree = "<group>";
		};
		ECCBA3C429B5C75C000E247C /* LaunchScreen.storyboard */ = {
			isa = PBXVariantGroup;
			children = (
				ECCBA3C529B5C75C000E247C /* Base */,
			);
			name = LaunchScreen.storyboard;
			sourceTree = "<group>";
		};
/* End PBXVariantGroup section */

/* Begin XCBuildConfiguration section */
		ECCBA3C829B5C75C000E247C /* Debug */ = {
			isa = XCBuildConfiguration;
			buildSettings = {
				ALWAYS_SEARCH_USER_PATHS = NO;
				CLANG_ANALYZER_NONNULL = YES;
				CLANG_ANALYZER_NUMBER_OBJECT_CONVERSION = YES_AGGRESSIVE;
				CLANG_CXX_LANGUAGE_STANDARD = "gnu++20";
				CLANG_ENABLE_MODULES = YES;
				CLANG_ENABLE_OBJC_ARC = YES;
				CLANG_ENABLE_OBJC_WEAK = YES;
				CLANG_WARN_BLOCK_CAPTURE_AUTORELEASING = YES;
				CLANG_WARN_BOOL_CONVERSION = YES;
				CLANG_WARN_COMMA = YES;
				CLANG_WARN_CONSTANT_CONVERSION = YES;
				CLANG_WARN_DEPRECATED_OBJC_IMPLEMENTATIONS = YES;
				CLANG_WARN_DIRECT_OBJC_ISA_USAGE = YES_ERROR;
				CLANG_WARN_DOCUMENTATION_COMMENTS = YES;
				CLANG_WARN_EMPTY_BODY = YES;
				CLANG_WARN_ENUM_CONVERSION = YES;
				CLANG_WARN_INFINITE_RECURSION = YES;
				CLANG_WARN_INT_CONVERSION = YES;
				CLANG_WARN_NON_LITERAL_NULL_CONVERSION = YES;
				CLANG_WARN_OBJC_IMPLICIT_RETAIN_SELF = YES;
				CLANG_WARN_OBJC_LITERAL_CONVERSION = YES;
				CLANG_WARN_OBJC_ROOT_CLASS = YES_ERROR;
				CLANG_WARN_QUOTED_INCLUDE_IN_FRAMEWORK_HEADER = YES;
				CLANG_WARN_RANGE_LOOP_ANALYSIS = YES;
				CLANG_WARN_STRICT_PROTOTYPES = YES;
				CLANG_WARN_SUSPICIOUS_MOVE = YES;
				CLANG_WARN_UNGUARDED_AVAILABILITY = YES_AGGRESSIVE;
				CLANG_WARN_UNREACHABLE_CODE = YES;
				CLANG_WARN__DUPLICATE_METHOD_MATCH = YES;
				COPY_PHASE_STRIP = NO;
				DEBUG_INFORMATION_FORMAT = dwarf;
				ENABLE_STRICT_OBJC_MSGSEND = YES;
				ENABLE_TESTABILITY = YES;
				GCC_C_LANGUAGE_STANDARD = gnu11;
				GCC_DYNAMIC_NO_PIC = NO;
				GCC_NO_COMMON_BLOCKS = YES;
				GCC_OPTIMIZATION_LEVEL = 0;
				GCC_PREPROCESSOR_DEFINITIONS = (
					"DEBUG=1",
					"$(inherited)",
				);
				GCC_WARN_64_TO_32_BIT_CONVERSION = YES;
				GCC_WARN_ABOUT_RETURN_TYPE = YES_ERROR;
				GCC_WARN_UNDECLARED_SELECTOR = YES;
				GCC_WARN_UNINITIALIZED_AUTOS = YES_AGGRESSIVE;
				GCC_WARN_UNUSED_FUNCTION = YES;
				GCC_WARN_UNUSED_VARIABLE = YES;
				IPHONEOS_DEPLOYMENT_TARGET = 16.0;
				MTL_ENABLE_DEBUG_INFO = INCLUDE_SOURCE;
				MTL_FAST_MATH = YES;
				ONLY_ACTIVE_ARCH = YES;
				SDKROOT = iphoneos;
				SWIFT_ACTIVE_COMPILATION_CONDITIONS = DEBUG;
				SWIFT_OPTIMIZATION_LEVEL = "-Onone";
			};
			name = Debug;
		};
		ECCBA3C929B5C75C000E247C /* Release */ = {
			isa = XCBuildConfiguration;
			buildSettings = {
				ALWAYS_SEARCH_USER_PATHS = NO;
				CLANG_ANALYZER_NONNULL = YES;
				CLANG_ANALYZER_NUMBER_OBJECT_CONVERSION = YES_AGGRESSIVE;
				CLANG_CXX_LANGUAGE_STANDARD = "gnu++20";
				CLANG_ENABLE_MODULES = YES;
				CLANG_ENABLE_OBJC_ARC = YES;
				CLANG_ENABLE_OBJC_WEAK = YES;
				CLANG_WARN_BLOCK_CAPTURE_AUTORELEASING = YES;
				CLANG_WARN_BOOL_CONVERSION = YES;
				CLANG_WARN_COMMA = YES;
				CLANG_WARN_CONSTANT_CONVERSION = YES;
				CLANG_WARN_DEPRECATED_OBJC_IMPLEMENTATIONS = YES;
				CLANG_WARN_DIRECT_OBJC_ISA_USAGE = YES_ERROR;
				CLANG_WARN_DOCUMENTATION_COMMENTS = YES;
				CLANG_WARN_EMPTY_BODY = YES;
				CLANG_WARN_ENUM_CONVERSION = YES;
				CLANG_WARN_INFINITE_RECURSION = YES;
				CLANG_WARN_INT_CONVERSION = YES;
				CLANG_WARN_NON_LITERAL_NULL_CONVERSION = YES;
				CLANG_WARN_OBJC_IMPLICIT_RETAIN_SELF = YES;
				CLANG_WARN_OBJC_LITERAL_CONVERSION = YES;
				CLANG_WARN_OBJC_ROOT_CLASS = YES_ERROR;
				CLANG_WARN_QUOTED_INCLUDE_IN_FRAMEWORK_HEADER = YES;
				CLANG_WARN_RANGE_LOOP_ANALYSIS = YES;
				CLANG_WARN_STRICT_PROTOTYPES = YES;
				CLANG_WARN_SUSPICIOUS_MOVE = YES;
				CLANG_WARN_UNGUARDED_AVAILABILITY = YES_AGGRESSIVE;
				CLANG_WARN_UNREACHABLE_CODE = YES;
				CLANG_WARN__DUPLICATE_METHOD_MATCH = YES;
				COPY_PHASE_STRIP = NO;
				DEBUG_INFORMATION_FORMAT = "dwarf-with-dsym";
				ENABLE_NS_ASSERTIONS = NO;
				ENABLE_STRICT_OBJC_MSGSEND = YES;
				GCC_C_LANGUAGE_STANDARD = gnu11;
				GCC_NO_COMMON_BLOCKS = YES;
				GCC_WARN_64_TO_32_BIT_CONVERSION = YES;
				GCC_WARN_ABOUT_RETURN_TYPE = YES_ERROR;
				GCC_WARN_UNDECLARED_SELECTOR = YES;
				GCC_WARN_UNINITIALIZED_AUTOS = YES_AGGRESSIVE;
				GCC_WARN_UNUSED_FUNCTION = YES;
				GCC_WARN_UNUSED_VARIABLE = YES;
				IPHONEOS_DEPLOYMENT_TARGET = 16.0;
				MTL_ENABLE_DEBUG_INFO = NO;
				MTL_FAST_MATH = YES;
				SDKROOT = iphoneos;
				SWIFT_COMPILATION_MODE = wholemodule;
				SWIFT_OPTIMIZATION_LEVEL = "-O";
				VALIDATE_PRODUCT = YES;
			};
			name = Release;
		};
		ECCBA3CB29B5C75C000E247C /* Debug */ = {
			isa = XCBuildConfiguration;
			buildSettings = {
				ASSETCATALOG_COMPILER_APPICON_NAME = AppIcon;
				ASSETCATALOG_COMPILER_GLOBAL_ACCENT_COLOR_NAME = AccentColor;
				CODE_SIGN_STYLE = Automatic;
				CURRENT_PROJECT_VERSION = 1;
				DEVELOPMENT_TEAM = 3496F3A4HL;
				GENERATE_INFOPLIST_FILE = YES;
				INFOPLIST_FILE = "UIKit+RxSwift+MVVM/Info.plist";
				INFOPLIST_KEY_UIApplicationSupportsIndirectInputEvents = YES;
				INFOPLIST_KEY_UILaunchStoryboardName = LaunchScreen;
				INFOPLIST_KEY_UIMainStoryboardFile = Main;
				INFOPLIST_KEY_UISupportedInterfaceOrientations_iPad = "UIInterfaceOrientationPortrait UIInterfaceOrientationPortraitUpsideDown UIInterfaceOrientationLandscapeLeft UIInterfaceOrientationLandscapeRight";
				INFOPLIST_KEY_UISupportedInterfaceOrientations_iPhone = "UIInterfaceOrientationPortrait UIInterfaceOrientationLandscapeLeft UIInterfaceOrientationLandscapeRight";
				LD_RUNPATH_SEARCH_PATHS = (
					"$(inherited)",
					"@executable_path/Frameworks",
				);
				MARKETING_VERSION = 1.0;
				PRODUCT_BUNDLE_IDENTIFIER = "com.my.UIKit-RxSwift-MVVM";
				PRODUCT_NAME = "$(TARGET_NAME)";
				SWIFT_EMIT_LOC_STRINGS = YES;
				SWIFT_VERSION = 5.0;
				TARGETED_DEVICE_FAMILY = "1,2";
			};
			name = Debug;
		};
		ECCBA3CC29B5C75C000E247C /* Release */ = {
			isa = XCBuildConfiguration;
			buildSettings = {
				ASSETCATALOG_COMPILER_APPICON_NAME = AppIcon;
				ASSETCATALOG_COMPILER_GLOBAL_ACCENT_COLOR_NAME = AccentColor;
				CODE_SIGN_STYLE = Automatic;
				CURRENT_PROJECT_VERSION = 1;
				DEVELOPMENT_TEAM = 3496F3A4HL;
				GENERATE_INFOPLIST_FILE = YES;
				INFOPLIST_FILE = "UIKit+RxSwift+MVVM/Info.plist";
				INFOPLIST_KEY_UIApplicationSupportsIndirectInputEvents = YES;
				INFOPLIST_KEY_UILaunchStoryboardName = LaunchScreen;
				INFOPLIST_KEY_UIMainStoryboardFile = Main;
				INFOPLIST_KEY_UISupportedInterfaceOrientations_iPad = "UIInterfaceOrientationPortrait UIInterfaceOrientationPortraitUpsideDown UIInterfaceOrientationLandscapeLeft UIInterfaceOrientationLandscapeRight";
				INFOPLIST_KEY_UISupportedInterfaceOrientations_iPhone = "UIInterfaceOrientationPortrait UIInterfaceOrientationLandscapeLeft UIInterfaceOrientationLandscapeRight";
				LD_RUNPATH_SEARCH_PATHS = (
					"$(inherited)",
					"@executable_path/Frameworks",
				);
				MARKETING_VERSION = 1.0;
				PRODUCT_BUNDLE_IDENTIFIER = "com.my.UIKit-RxSwift-MVVM";
				PRODUCT_NAME = "$(TARGET_NAME)";
				SWIFT_EMIT_LOC_STRINGS = YES;
				SWIFT_VERSION = 5.0;
				TARGETED_DEVICE_FAMILY = "1,2";
			};
			name = Release;
		};
/* End XCBuildConfiguration section */

/* Begin XCConfigurationList section */
		ECCBA3B129B5C75B000E247C /* Build configuration list for PBXProject "UIKit+RxSwift+MVVM" */ = {
			isa = XCConfigurationList;
			buildConfigurations = (
				ECCBA3C829B5C75C000E247C /* Debug */,
				ECCBA3C929B5C75C000E247C /* Release */,
			);
			defaultConfigurationIsVisible = 0;
			defaultConfigurationName = Release;
		};
		ECCBA3CA29B5C75C000E247C /* Build configuration list for PBXNativeTarget "UIKit+RxSwift+MVVM" */ = {
			isa = XCConfigurationList;
			buildConfigurations = (
				ECCBA3CB29B5C75C000E247C /* Debug */,
				ECCBA3CC29B5C75C000E247C /* Release */,
			);
			defaultConfigurationIsVisible = 0;
			defaultConfigurationName = Release;
		};
/* End XCConfigurationList section */
	};
	rootObject = ECCBA3AE29B5C75B000E247C /* Project object */;
}
